
Microsoft Visual Studio Solution File, Format Version 12.00
# Visual Studio 15
VisualStudioVersion = 15.0.27130.2010
MinimumVisualStudioVersion = 10.0.40219.1
Project("{FAE04EC0-301F-11D3-BF4B-00C04F79EFBC}") = "Step0_Repl", "Step0_Repl\Step0_Repl.csproj", "{ECD20D34-DA94-49EC-9B47-5540C4816D62}"
EndProject
Project("{FAE04EC0-301F-11D3-BF4B-00C04F79EFBC}") = "Common", "Common\Common.csproj", "{44896EBE-7103-44D5-8244-A2AF14392317}"
EndProject
Project("{FAE04EC0-301F-11D3-BF4B-00C04F79EFBC}") = "Step1_Read_Print", "Step1_Read_Print\Step1_Read_Print.csproj", "{C82EC24C-010C-4367-A867-FACF44D2EEBC}"
EndProject
Project("{FAE04EC0-301F-11D3-BF4B-00C04F79EFBC}") = "Step2_Eval", "Step2_Eval\Step2_Eval.csproj", "{B1C9E439-7ACC-4C00-AA13-D7B4E111DF27}"
EndProject
Project("{FAE04EC0-301F-11D3-BF4B-00C04F79EFBC}") = "Step3_Env", "Step3_Env\Step3_Env.csproj", "{AB8C2A0A-9AE1-4EB7-81D2-A0B1EC7C6F8E}"
EndProject
Project("{FAE04EC0-301F-11D3-BF4B-00C04F79EFBC}") = "Step4_If_Fn_Do", "Step4_If_Fn_Do\Step4_If_Fn_Do.csproj", "{3DB22C81-77EA-43FC-8EC3-9AB64D0D98C9}"
EndProject
Project("{FAE04EC0-301F-11D3-BF4B-00C04F79EFBC}") = "Step5_Tco", "Step5_Tco\Step5_Tco.csproj", "{C54981D4-F3F5-4914-A4E5-4F492D206FF1}"
EndProject
Project("{FAE04EC0-301F-11D3-BF4B-00C04F79EFBC}") = "Step6_File", "Step6_File\Step6_File.csproj", "{FD4F1D47-1AF1-4D10-915B-F95BF01339B8}"
EndProject
Project("{2150E333-8FDC-42A3-9474-1A3956D46DE8}") = "TestCase", "TestCase", "{16776F15-1601-4107-BB5F-7654708CAB70}"
	ProjectSection(SolutionItems) = preProject
		Test_Step9_Try.mal = Test_Step9_Try.mal
	EndProjectSection
EndProject
Project("{FAE04EC0-301F-11D3-BF4B-00C04F79EFBC}") = "Step7_Quote", "Step7_Quote\Step7_Quote.csproj", "{C10B6153-CA65-43A8-AA3F-DEA673A90312}"
EndProject
Project("{FAE04EC0-301F-11D3-BF4B-00C04F79EFBC}") = "Step8_Macros", "Step8_Macros\Step8_Macros.csproj", "{0E75D753-05EB-4D6D-ADF8-46A9EA0111E6}"
EndProject
Project("{FAE04EC0-301F-11D3-BF4B-00C04F79EFBC}") = "Step9_Try", "Step9_Try\Step9_Try.csproj", "{04B10326-A7BA-4271-9FC3-C471253D3558}"
EndProject
Global
	GlobalSection(SolutionConfigurationPlatforms) = preSolution
		Debug|Any CPU = Debug|Any CPU
		Debug|x64 = Debug|x64
		Debug|x86 = Debug|x86
		Release|Any CPU = Release|Any CPU
		Release|x64 = Release|x64
		Release|x86 = Release|x86
	EndGlobalSection
	GlobalSection(ProjectConfigurationPlatforms) = postSolution
		{ECD20D34-DA94-49EC-9B47-5540C4816D62}.Debug|Any CPU.ActiveCfg = Debug|Any CPU
		{ECD20D34-DA94-49EC-9B47-5540C4816D62}.Debug|Any CPU.Build.0 = Debug|Any CPU
		{ECD20D34-DA94-49EC-9B47-5540C4816D62}.Debug|x64.ActiveCfg = Debug|Any CPU
		{ECD20D34-DA94-49EC-9B47-5540C4816D62}.Debug|x64.Build.0 = Debug|Any CPU
		{ECD20D34-DA94-49EC-9B47-5540C4816D62}.Debug|x86.ActiveCfg = Debug|Any CPU
		{ECD20D34-DA94-49EC-9B47-5540C4816D62}.Debug|x86.Build.0 = Debug|Any CPU
		{ECD20D34-DA94-49EC-9B47-5540C4816D62}.Release|Any CPU.ActiveCfg = Release|Any CPU
		{ECD20D34-DA94-49EC-9B47-5540C4816D62}.Release|Any CPU.Build.0 = Release|Any CPU
		{ECD20D34-DA94-49EC-9B47-5540C4816D62}.Release|x64.ActiveCfg = Release|Any CPU
		{ECD20D34-DA94-49EC-9B47-5540C4816D62}.Release|x64.Build.0 = Release|Any CPU
		{ECD20D34-DA94-49EC-9B47-5540C4816D62}.Release|x86.ActiveCfg = Release|Any CPU
		{ECD20D34-DA94-49EC-9B47-5540C4816D62}.Release|x86.Build.0 = Release|Any CPU
		{44896EBE-7103-44D5-8244-A2AF14392317}.Debug|Any CPU.ActiveCfg = Debug|Any CPU
		{44896EBE-7103-44D5-8244-A2AF14392317}.Debug|Any CPU.Build.0 = Debug|Any CPU
		{44896EBE-7103-44D5-8244-A2AF14392317}.Debug|x64.ActiveCfg = Debug|Any CPU
		{44896EBE-7103-44D5-8244-A2AF14392317}.Debug|x64.Build.0 = Debug|Any CPU
		{44896EBE-7103-44D5-8244-A2AF14392317}.Debug|x86.ActiveCfg = Debug|Any CPU
		{44896EBE-7103-44D5-8244-A2AF14392317}.Debug|x86.Build.0 = Debug|Any CPU
		{44896EBE-7103-44D5-8244-A2AF14392317}.Release|Any CPU.ActiveCfg = Release|Any CPU
		{44896EBE-7103-44D5-8244-A2AF14392317}.Release|Any CPU.Build.0 = Release|Any CPU
		{44896EBE-7103-44D5-8244-A2AF14392317}.Release|x64.ActiveCfg = Release|Any CPU
		{44896EBE-7103-44D5-8244-A2AF14392317}.Release|x64.Build.0 = Release|Any CPU
		{44896EBE-7103-44D5-8244-A2AF14392317}.Release|x86.ActiveCfg = Release|Any CPU
		{44896EBE-7103-44D5-8244-A2AF14392317}.Release|x86.Build.0 = Release|Any CPU
		{C82EC24C-010C-4367-A867-FACF44D2EEBC}.Debug|Any CPU.ActiveCfg = Debug|Any CPU
		{C82EC24C-010C-4367-A867-FACF44D2EEBC}.Debug|Any CPU.Build.0 = Debug|Any CPU
		{C82EC24C-010C-4367-A867-FACF44D2EEBC}.Debug|x64.ActiveCfg = Debug|Any CPU
		{C82EC24C-010C-4367-A867-FACF44D2EEBC}.Debug|x64.Build.0 = Debug|Any CPU
		{C82EC24C-010C-4367-A867-FACF44D2EEBC}.Debug|x86.ActiveCfg = Debug|Any CPU
		{C82EC24C-010C-4367-A867-FACF44D2EEBC}.Debug|x86.Build.0 = Debug|Any CPU
		{C82EC24C-010C-4367-A867-FACF44D2EEBC}.Release|Any CPU.ActiveCfg = Release|Any CPU
		{C82EC24C-010C-4367-A867-FACF44D2EEBC}.Release|Any CPU.Build.0 = Release|Any CPU
		{C82EC24C-010C-4367-A867-FACF44D2EEBC}.Release|x64.ActiveCfg = Release|Any CPU
		{C82EC24C-010C-4367-A867-FACF44D2EEBC}.Release|x64.Build.0 = Release|Any CPU
		{C82EC24C-010C-4367-A867-FACF44D2EEBC}.Release|x86.ActiveCfg = Release|Any CPU
		{C82EC24C-010C-4367-A867-FACF44D2EEBC}.Release|x86.Build.0 = Release|Any CPU
		{B1C9E439-7ACC-4C00-AA13-D7B4E111DF27}.Debug|Any CPU.ActiveCfg = Debug|Any CPU
		{B1C9E439-7ACC-4C00-AA13-D7B4E111DF27}.Debug|Any CPU.Build.0 = Debug|Any CPU
		{B1C9E439-7ACC-4C00-AA13-D7B4E111DF27}.Debug|x64.ActiveCfg = Debug|Any CPU
		{B1C9E439-7ACC-4C00-AA13-D7B4E111DF27}.Debug|x64.Build.0 = Debug|Any CPU
		{B1C9E439-7ACC-4C00-AA13-D7B4E111DF27}.Debug|x86.ActiveCfg = Debug|Any CPU
		{B1C9E439-7ACC-4C00-AA13-D7B4E111DF27}.Debug|x86.Build.0 = Debug|Any CPU
		{B1C9E439-7ACC-4C00-AA13-D7B4E111DF27}.Release|Any CPU.ActiveCfg = Release|Any CPU
		{B1C9E439-7ACC-4C00-AA13-D7B4E111DF27}.Release|Any CPU.Build.0 = Release|Any CPU
		{B1C9E439-7ACC-4C00-AA13-D7B4E111DF27}.Release|x64.ActiveCfg = Release|Any CPU
		{B1C9E439-7ACC-4C00-AA13-D7B4E111DF27}.Release|x64.Build.0 = Release|Any CPU
		{B1C9E439-7ACC-4C00-AA13-D7B4E111DF27}.Release|x86.ActiveCfg = Release|Any CPU
		{B1C9E439-7ACC-4C00-AA13-D7B4E111DF27}.Release|x86.Build.0 = Release|Any CPU
		{AB8C2A0A-9AE1-4EB7-81D2-A0B1EC7C6F8E}.Debug|Any CPU.ActiveCfg = Debug|Any CPU
		{AB8C2A0A-9AE1-4EB7-81D2-A0B1EC7C6F8E}.Debug|Any CPU.Build.0 = Debug|Any CPU
		{AB8C2A0A-9AE1-4EB7-81D2-A0B1EC7C6F8E}.Debug|x64.ActiveCfg = Debug|Any CPU
		{AB8C2A0A-9AE1-4EB7-81D2-A0B1EC7C6F8E}.Debug|x64.Build.0 = Debug|Any CPU
		{AB8C2A0A-9AE1-4EB7-81D2-A0B1EC7C6F8E}.Debug|x86.ActiveCfg = Debug|Any CPU
		{AB8C2A0A-9AE1-4EB7-81D2-A0B1EC7C6F8E}.Debug|x86.Build.0 = Debug|Any CPU
		{AB8C2A0A-9AE1-4EB7-81D2-A0B1EC7C6F8E}.Release|Any CPU.ActiveCfg = Release|Any CPU
		{AB8C2A0A-9AE1-4EB7-81D2-A0B1EC7C6F8E}.Release|Any CPU.Build.0 = Release|Any CPU
		{AB8C2A0A-9AE1-4EB7-81D2-A0B1EC7C6F8E}.Release|x64.ActiveCfg = Release|Any CPU
		{AB8C2A0A-9AE1-4EB7-81D2-A0B1EC7C6F8E}.Release|x64.Build.0 = Release|Any CPU
		{AB8C2A0A-9AE1-4EB7-81D2-A0B1EC7C6F8E}.Release|x86.ActiveCfg = Release|Any CPU
		{AB8C2A0A-9AE1-4EB7-81D2-A0B1EC7C6F8E}.Release|x86.Build.0 = Release|Any CPU
		{3DB22C81-77EA-43FC-8EC3-9AB64D0D98C9}.Debug|Any CPU.ActiveCfg = Debug|Any CPU
		{3DB22C81-77EA-43FC-8EC3-9AB64D0D98C9}.Debug|Any CPU.Build.0 = Debug|Any CPU
		{3DB22C81-77EA-43FC-8EC3-9AB64D0D98C9}.Debug|x64.ActiveCfg = Debug|Any CPU
		{3DB22C81-77EA-43FC-8EC3-9AB64D0D98C9}.Debug|x64.Build.0 = Debug|Any CPU
		{3DB22C81-77EA-43FC-8EC3-9AB64D0D98C9}.Debug|x86.ActiveCfg = Debug|Any CPU
		{3DB22C81-77EA-43FC-8EC3-9AB64D0D98C9}.Debug|x86.Build.0 = Debug|Any CPU
		{3DB22C81-77EA-43FC-8EC3-9AB64D0D98C9}.Release|Any CPU.ActiveCfg = Release|Any CPU
		{3DB22C81-77EA-43FC-8EC3-9AB64D0D98C9}.Release|Any CPU.Build.0 = Release|Any CPU
		{3DB22C81-77EA-43FC-8EC3-9AB64D0D98C9}.Release|x64.ActiveCfg = Release|Any CPU
		{3DB22C81-77EA-43FC-8EC3-9AB64D0D98C9}.Release|x64.Build.0 = Release|Any CPU
		{3DB22C81-77EA-43FC-8EC3-9AB64D0D98C9}.Release|x86.ActiveCfg = Release|Any CPU
		{3DB22C81-77EA-43FC-8EC3-9AB64D0D98C9}.Release|x86.Build.0 = Release|Any CPU
		{C54981D4-F3F5-4914-A4E5-4F492D206FF1}.Debug|Any CPU.ActiveCfg = Debug|Any CPU
		{C54981D4-F3F5-4914-A4E5-4F492D206FF1}.Debug|Any CPU.Build.0 = Debug|Any CPU
		{C54981D4-F3F5-4914-A4E5-4F492D206FF1}.Debug|x64.ActiveCfg = Debug|Any CPU
		{C54981D4-F3F5-4914-A4E5-4F492D206FF1}.Debug|x64.Build.0 = Debug|Any CPU
		{C54981D4-F3F5-4914-A4E5-4F492D206FF1}.Debug|x86.ActiveCfg = Debug|Any CPU
		{C54981D4-F3F5-4914-A4E5-4F492D206FF1}.Debug|x86.Build.0 = Debug|Any CPU
		{C54981D4-F3F5-4914-A4E5-4F492D206FF1}.Release|Any CPU.ActiveCfg = Release|Any CPU
		{C54981D4-F3F5-4914-A4E5-4F492D206FF1}.Release|Any CPU.Build.0 = Release|Any CPU
		{C54981D4-F3F5-4914-A4E5-4F492D206FF1}.Release|x64.ActiveCfg = Release|Any CPU
		{C54981D4-F3F5-4914-A4E5-4F492D206FF1}.Release|x64.Build.0 = Release|Any CPU
		{C54981D4-F3F5-4914-A4E5-4F492D206FF1}.Release|x86.ActiveCfg = Release|Any CPU
		{C54981D4-F3F5-4914-A4E5-4F492D206FF1}.Release|x86.Build.0 = Release|Any CPU
		{FD4F1D47-1AF1-4D10-915B-F95BF01339B8}.Debug|Any CPU.ActiveCfg = Debug|Any CPU
		{FD4F1D47-1AF1-4D10-915B-F95BF01339B8}.Debug|Any CPU.Build.0 = Debug|Any CPU
		{FD4F1D47-1AF1-4D10-915B-F95BF01339B8}.Debug|x64.ActiveCfg = Debug|Any CPU
		{FD4F1D47-1AF1-4D10-915B-F95BF01339B8}.Debug|x64.Build.0 = Debug|Any CPU
		{FD4F1D47-1AF1-4D10-915B-F95BF01339B8}.Debug|x86.ActiveCfg = Debug|Any CPU
		{FD4F1D47-1AF1-4D10-915B-F95BF01339B8}.Debug|x86.Build.0 = Debug|Any CPU
		{FD4F1D47-1AF1-4D10-915B-F95BF01339B8}.Release|Any CPU.ActiveCfg = Release|Any CPU
		{FD4F1D47-1AF1-4D10-915B-F95BF01339B8}.Release|Any CPU.Build.0 = Release|Any CPU
		{FD4F1D47-1AF1-4D10-915B-F95BF01339B8}.Release|x64.ActiveCfg = Release|Any CPU
		{FD4F1D47-1AF1-4D10-915B-F95BF01339B8}.Release|x64.Build.0 = Release|Any CPU
		{FD4F1D47-1AF1-4D10-915B-F95BF01339B8}.Release|x86.ActiveCfg = Release|Any CPU
		{FD4F1D47-1AF1-4D10-915B-F95BF01339B8}.Release|x86.Build.0 = Release|Any CPU
		{C10B6153-CA65-43A8-AA3F-DEA673A90312}.Debug|Any CPU.ActiveCfg = Debug|Any CPU
		{C10B6153-CA65-43A8-AA3F-DEA673A90312}.Debug|Any CPU.Build.0 = Debug|Any CPU
		{C10B6153-CA65-43A8-AA3F-DEA673A90312}.Debug|x64.ActiveCfg = Debug|Any CPU
		{C10B6153-CA65-43A8-AA3F-DEA673A90312}.Debug|x64.Build.0 = Debug|Any CPU
		{C10B6153-CA65-43A8-AA3F-DEA673A90312}.Debug|x86.ActiveCfg = Debug|Any CPU
		{C10B6153-CA65-43A8-AA3F-DEA673A90312}.Debug|x86.Build.0 = Debug|Any CPU
		{C10B6153-CA65-43A8-AA3F-DEA673A90312}.Release|Any CPU.ActiveCfg = Release|Any CPU
		{C10B6153-CA65-43A8-AA3F-DEA673A90312}.Release|Any CPU.Build.0 = Release|Any CPU
		{C10B6153-CA65-43A8-AA3F-DEA673A90312}.Release|x64.ActiveCfg = Release|Any CPU
		{C10B6153-CA65-43A8-AA3F-DEA673A90312}.Release|x64.Build.0 = Release|Any CPU
		{C10B6153-CA65-43A8-AA3F-DEA673A90312}.Release|x86.ActiveCfg = Release|Any CPU
		{C10B6153-CA65-43A8-AA3F-DEA673A90312}.Release|x86.Build.0 = Release|Any CPU
		{0E75D753-05EB-4D6D-ADF8-46A9EA0111E6}.Debug|Any CPU.ActiveCfg = Debug|Any CPU
		{0E75D753-05EB-4D6D-ADF8-46A9EA0111E6}.Debug|Any CPU.Build.0 = Debug|Any CPU
		{0E75D753-05EB-4D6D-ADF8-46A9EA0111E6}.Debug|x64.ActiveCfg = Debug|Any CPU
		{0E75D753-05EB-4D6D-ADF8-46A9EA0111E6}.Debug|x64.Build.0 = Debug|Any CPU
		{0E75D753-05EB-4D6D-ADF8-46A9EA0111E6}.Debug|x86.ActiveCfg = Debug|Any CPU
		{0E75D753-05EB-4D6D-ADF8-46A9EA0111E6}.Debug|x86.Build.0 = Debug|Any CPU
		{0E75D753-05EB-4D6D-ADF8-46A9EA0111E6}.Release|Any CPU.ActiveCfg = Release|Any CPU
		{0E75D753-05EB-4D6D-ADF8-46A9EA0111E6}.Release|Any CPU.Build.0 = Release|Any CPU
		{0E75D753-05EB-4D6D-ADF8-46A9EA0111E6}.Release|x64.ActiveCfg = Release|Any CPU
		{0E75D753-05EB-4D6D-ADF8-46A9EA0111E6}.Release|x64.Build.0 = Release|Any CPU
		{0E75D753-05EB-4D6D-ADF8-46A9EA0111E6}.Release|x86.ActiveCfg = Release|Any CPU
		{0E75D753-05EB-4D6D-ADF8-46A9EA0111E6}.Release|x86.Build.0 = Release|Any CPU
		{04B10326-A7BA-4271-9FC3-C471253D3558}.Debug|Any CPU.ActiveCfg = Debug|Any CPU
		{04B10326-A7BA-4271-9FC3-C471253D3558}.Debug|Any CPU.Build.0 = Debug|Any CPU
		{04B10326-A7BA-4271-9FC3-C471253D3558}.Debug|x64.ActiveCfg = Debug|Any CPU
		{04B10326-A7BA-4271-9FC3-C471253D3558}.Debug|x64.Build.0 = Debug|Any CPU
		{04B10326-A7BA-4271-9FC3-C471253D3558}.Debug|x86.ActiveCfg = Debug|Any CPU
		{04B10326-A7BA-4271-9FC3-C471253D3558}.Debug|x86.Build.0 = Debug|Any CPU
		{04B10326-A7BA-4271-9FC3-C471253D3558}.Release|Any CPU.ActiveCfg = Release|Any CPU
		{04B10326-A7BA-4271-9FC3-C471253D3558}.Release|Any CPU.Build.0 = Release|Any CPU
		{04B10326-A7BA-4271-9FC3-C471253D3558}.Release|x64.ActiveCfg = Release|Any CPU
		{04B10326-A7BA-4271-9FC3-C471253D3558}.Release|x64.Build.0 = Release|Any CPU
		{04B10326-A7BA-4271-9FC3-C471253D3558}.Release|x86.ActiveCfg = Release|Any CPU
		{04B10326-A7BA-4271-9FC3-C471253D3558}.Release|x86.Build.0 = Release|Any CPU
	EndGlobalSection
	GlobalSection(SolutionProperties) = preSolution
		HideSolutionNode = FALSE
	EndGlobalSection
	GlobalSection(ExtensibilityGlobals) = postSolution
		SolutionGuid = {F1A93198-D633-4D16-B050-F4342CB93987}
	EndGlobalSection
EndGlobal
